<?xml version="1.0" encoding="UTF-8"?>
<!DOCTYPE plist PUBLIC "-//Apple//DTD PLIST 1.0//EN" "http://www.apple.com/DTDs/PropertyList-1.0.dtd">
<plist version="1.0">
<dict>
	<key>archiveVersion</key>
	<string>1</string>
	<key>classes</key>
	<dict/>
	<key>objectVersion</key>
	<string>46</string>
	<key>objects</key>
	<dict>
		<key>A218661A1CD9063200103A8B</key>
		<dict>
			<key>fileEncoding</key>
			<string>4</string>
			<key>isa</key>
			<string>PBXFileReference</string>
			<key>lastKnownFileType</key>
			<string>sourcecode.swift</string>
			<key>path</key>
			<string>InternalTests.swift</string>
			<key>sourceTree</key>
			<string>&lt;group&gt;</string>
		</dict>
		<key>A218661B1CD9063200103A8B</key>
		<dict>
			<key>fileRef</key>
			<string>A218661A1CD9063200103A8B</string>
			<key>isa</key>
			<string>PBXBuildFile</string>
		</dict>
		<key>A218CDC91CD8FED6001FF1DA</key>
		<dict>
			<key>children</key>
			<array>
				<string>A218CDD41CD8FED6001FF1DA</string>
				<string>A218CDD51CD8FED6001FF1DA</string>
				<string>A218CDE11CD8FED6001FF1DA</string>
				<string>A218CDED1CD8FF45001FF1DA</string>
			</array>
			<key>isa</key>
			<string>PBXGroup</string>
			<key>sourceTree</key>
			<string>&lt;group&gt;</string>
		</dict>
		<key>A218CDCA1CD8FED6001FF1DA</key>
		<dict>
			<key>attributes</key>
			<dict>
				<key>LastSwiftUpdateCheck</key>
				<string>0730</string>
				<key>LastUpgradeCheck</key>
				<string>0730</string>
				<key>ORGANIZATIONNAME</key>
				<string>Zewo</string>
				<key>TargetAttributes</key>
				<dict>
					<key>A218CDD21CD8FED6001FF1DA</key>
					<dict>
						<key>CreatedOnToolsVersion</key>
						<string>7.3</string>
					</dict>
					<key>A218CDDC1CD8FED6001FF1DA</key>
					<dict>
						<key>CreatedOnToolsVersion</key>
						<string>7.3</string>
					</dict>
				</dict>
			</dict>
			<key>buildConfigurationList</key>
			<string>A218CDCD1CD8FED6001FF1DA</string>
			<key>compatibilityVersion</key>
			<string>Xcode 3.2</string>
			<key>developmentRegion</key>
			<string>English</string>
			<key>hasScannedForEncodings</key>
			<string>0</string>
			<key>isa</key>
			<string>PBXProject</string>
			<key>knownRegions</key>
			<array>
				<string>en</string>
			</array>
			<key>mainGroup</key>
			<string>A218CDC91CD8FED6001FF1DA</string>
			<key>productRefGroup</key>
			<string>A218CDD41CD8FED6001FF1DA</string>
			<key>projectDirPath</key>
			<string></string>
			<key>projectReferences</key>
			<array/>
			<key>projectRoot</key>
			<string></string>
			<key>targets</key>
			<array>
				<string>A218CDD21CD8FED6001FF1DA</string>
				<string>A218CDDC1CD8FED6001FF1DA</string>
			</array>
		</dict>
		<key>A218CDCD1CD8FED6001FF1DA</key>
		<dict>
			<key>buildConfigurations</key>
			<array>
				<string>A218CDE51CD8FED6001FF1DA</string>
				<string>A218CDE61CD8FED6001FF1DA</string>
			</array>
			<key>defaultConfigurationIsVisible</key>
			<string>0</string>
			<key>defaultConfigurationName</key>
			<string>Release</string>
			<key>isa</key>
			<string>XCConfigurationList</string>
		</dict>
		<key>A218CDCE1CD8FED6001FF1DA</key>
		<dict>
			<key>buildActionMask</key>
			<string>2147483647</string>
			<key>files</key>
			<array>
				<string>A26B545B1CDA4EE4004EA637</string>
				<string>A26B54531CDA439A004EA637</string>
				<string>A218CE021CD8FFE9001FF1DA</string>
				<string>A26B544A1CD9BF67004EA637</string>
				<string>A26B54591CDA4599004EA637</string>
				<string>A26B54571CDA4534004EA637</string>
				<string>A218CDF41CD8FFDD001FF1DA</string>
				<string>A218CDFE1CD8FFE9001FF1DA</string>
				<string>A26B544C1CDA2AB7004EA637</string>
				<string>A26B544E1CDA3140004EA637</string>
				<string>A218CE001CD8FFE9001FF1DA</string>
				<string>A26B54551CDA4516004EA637</string>
				<string>A218CDF61CD8FFDD001FF1DA</string>
				<string>A26B54511CDA4362004EA637</string>
				<string>A218CDF71CD8FFDD001FF1DA</string>
				<string>A218CDFF1CD8FFE9001FF1DA</string>
				<string>A218CDEE1CD8FF45001FF1DA</string>
				<string>A26B545F1CDA85A3004EA637</string>
				<string>A218CDF81CD8FFDD001FF1DA</string>
				<string>A26B545D1CDA5053004EA637</string>
				<string>A26B54481CD9BC0C004EA637</string>
			</array>
			<key>isa</key>
			<string>PBXSourcesBuildPhase</string>
			<key>runOnlyForDeploymentPostprocessing</key>
			<string>0</string>
		</dict>
		<key>A218CDCF1CD8FED6001FF1DA</key>
		<dict>
			<key>buildActionMask</key>
			<string>2147483647</string>
			<key>files</key>
			<array/>
			<key>isa</key>
			<string>PBXFrameworksBuildPhase</string>
			<key>runOnlyForDeploymentPostprocessing</key>
			<string>0</string>
		</dict>
		<key>A218CDD01CD8FED6001FF1DA</key>
		<dict>
			<key>buildActionMask</key>
			<string>2147483647</string>
			<key>files</key>
			<array>
				<string>A218CDD71CD8FED6001FF1DA</string>
			</array>
			<key>isa</key>
			<string>PBXHeadersBuildPhase</string>
			<key>runOnlyForDeploymentPostprocessing</key>
			<string>0</string>
		</dict>
		<key>A218CDD11CD8FED6001FF1DA</key>
		<dict>
			<key>buildActionMask</key>
			<string>2147483647</string>
			<key>files</key>
			<array/>
			<key>isa</key>
			<string>PBXResourcesBuildPhase</string>
			<key>runOnlyForDeploymentPostprocessing</key>
			<string>0</string>
		</dict>
		<key>A218CDD21CD8FED6001FF1DA</key>
		<dict>
			<key>buildConfigurationList</key>
			<string>A218CDE71CD8FED6001FF1DA</string>
			<key>buildPhases</key>
			<array>
				<string>A218CDCE1CD8FED6001FF1DA</string>
				<string>A218CDCF1CD8FED6001FF1DA</string>
				<string>A218CDD01CD8FED6001FF1DA</string>
				<string>A218CDD11CD8FED6001FF1DA</string>
			</array>
			<key>buildRules</key>
			<array/>
			<key>dependencies</key>
			<array/>
			<key>isa</key>
			<string>PBXNativeTarget</string>
			<key>name</key>
			<string>Reflection</string>
			<key>productName</key>
			<string>Reflection</string>
			<key>productReference</key>
			<string>A218CDD31CD8FED6001FF1DA</string>
			<key>productType</key>
			<string>com.apple.product-type.framework</string>
		</dict>
		<key>A218CDD31CD8FED6001FF1DA</key>
		<dict>
			<key>explicitFileType</key>
			<string>wrapper.framework</string>
			<key>includeInIndex</key>
			<string>0</string>
			<key>isa</key>
			<string>PBXFileReference</string>
			<key>path</key>
			<string>Reflection.framework</string>
			<key>sourceTree</key>
			<string>BUILT_PRODUCTS_DIR</string>
		</dict>
		<key>A218CDD41CD8FED6001FF1DA</key>
		<dict>
			<key>children</key>
			<array>
				<string>A218CDD31CD8FED6001FF1DA</string>
				<string>A218CDDD1CD8FED6001FF1DA</string>
			</array>
			<key>isa</key>
			<string>PBXGroup</string>
			<key>name</key>
			<string>Products</string>
			<key>sourceTree</key>
			<string>&lt;group&gt;</string>
		</dict>
		<key>A218CDD51CD8FED6001FF1DA</key>
		<dict>
			<key>children</key>
			<array>
				<string>A26B545E1CDA85A3004EA637</string>
				<string>A26B544B1CDA2AB7004EA637</string>
				<string>A218CDF91CD8FFE9001FF1DA</string>
				<string>A218CDFA1CD8FFE9001FF1DA</string>
				<string>A218CDEF1CD8FFDD001FF1DA</string>
				<string>A218CDFB1CD8FFE9001FF1DA</string>
				<string>A26B544D1CDA3140004EA637</string>
				<string>A218CDD81CD8FED6001FF1DA</string>
				<string>A26B545C1CDA5053004EA637</string>
				<string>A26B54521CDA439A004EA637</string>
				<string>A26B54501CDA4362004EA637</string>
				<string>A218CDF11CD8FFDD001FF1DA</string>
				<string>A26B54561CDA4534004EA637</string>
				<string>A26B545A1CDA4EE4004EA637</string>
				<string>A26B54491CD9BF67004EA637</string>
				<string>A26B54541CDA4516004EA637</string>
				<string>A218CDF21CD8FFDD001FF1DA</string>
				<string>A218CDD61CD8FED6001FF1DA</string>
				<string>A26B54471CD9BC0C004EA637</string>
				<string>A218CDFD1CD8FFE9001FF1DA</string>
				<string>A218CDF31CD8FFDD001FF1DA</string>
				<string>A26B54581CDA4599004EA637</string>
			</array>
			<key>isa</key>
			<string>PBXGroup</string>
			<key>path</key>
			<string>Sources</string>
			<key>sourceTree</key>
			<string>&lt;group&gt;</string>
		</dict>
		<key>A218CDD61CD8FED6001FF1DA</key>
		<dict>
			<key>isa</key>
			<string>PBXFileReference</string>
			<key>lastKnownFileType</key>
			<string>sourcecode.c.h</string>
			<key>path</key>
			<string>Reflection.h</string>
			<key>sourceTree</key>
			<string>&lt;group&gt;</string>
		</dict>
		<key>A218CDD71CD8FED6001FF1DA</key>
		<dict>
			<key>fileRef</key>
			<string>A218CDD61CD8FED6001FF1DA</string>
			<key>isa</key>
			<string>PBXBuildFile</string>
			<key>settings</key>
			<dict>
				<key>ATTRIBUTES</key>
				<array>
					<string>Public</string>
				</array>
			</dict>
		</dict>
		<key>A218CDD81CD8FED6001FF1DA</key>
		<dict>
			<key>isa</key>
			<string>PBXFileReference</string>
			<key>lastKnownFileType</key>
			<string>text.plist.xml</string>
			<key>path</key>
			<string>Info.plist</string>
			<key>sourceTree</key>
			<string>&lt;group&gt;</string>
		</dict>
		<key>A218CDD91CD8FED6001FF1DA</key>
		<dict>
			<key>buildActionMask</key>
			<string>2147483647</string>
			<key>files</key>
			<array>
				<string>A218661B1CD9063200103A8B</string>
				<string>A218CE061CD90087001FF1DA</string>
			</array>
			<key>isa</key>
			<string>PBXSourcesBuildPhase</string>
			<key>runOnlyForDeploymentPostprocessing</key>
			<string>0</string>
		</dict>
		<key>A218CDDA1CD8FED6001FF1DA</key>
		<dict>
			<key>buildActionMask</key>
			<string>2147483647</string>
			<key>files</key>
			<array>
				<string>A218CDDE1CD8FED6001FF1DA</string>
			</array>
			<key>isa</key>
			<string>PBXFrameworksBuildPhase</string>
			<key>runOnlyForDeploymentPostprocessing</key>
			<string>0</string>
		</dict>
		<key>A218CDDB1CD8FED6001FF1DA</key>
		<dict>
			<key>buildActionMask</key>
			<string>2147483647</string>
			<key>files</key>
			<array/>
			<key>isa</key>
			<string>PBXResourcesBuildPhase</string>
			<key>runOnlyForDeploymentPostprocessing</key>
			<string>0</string>
		</dict>
		<key>A218CDDC1CD8FED6001FF1DA</key>
		<dict>
			<key>buildConfigurationList</key>
			<string>A218CDEA1CD8FED6001FF1DA</string>
			<key>buildPhases</key>
			<array>
				<string>A218CDD91CD8FED6001FF1DA</string>
				<string>A218CDDA1CD8FED6001FF1DA</string>
				<string>A218CDDB1CD8FED6001FF1DA</string>
			</array>
			<key>buildRules</key>
			<array/>
			<key>dependencies</key>
			<array>
				<string>A218CDE01CD8FED6001FF1DA</string>
			</array>
			<key>isa</key>
			<string>PBXNativeTarget</string>
			<key>name</key>
			<string>ReflectionTests</string>
			<key>productName</key>
			<string>ReflectionTests</string>
			<key>productReference</key>
			<string>A218CDDD1CD8FED6001FF1DA</string>
			<key>productType</key>
			<string>com.apple.product-type.bundle.unit-test</string>
		</dict>
		<key>A218CDDD1CD8FED6001FF1DA</key>
		<dict>
			<key>explicitFileType</key>
			<string>wrapper.cfbundle</string>
			<key>includeInIndex</key>
			<string>0</string>
			<key>isa</key>
			<string>PBXFileReference</string>
			<key>path</key>
			<string>ReflectionTests.xctest</string>
			<key>sourceTree</key>
			<string>BUILT_PRODUCTS_DIR</string>
		</dict>
		<key>A218CDDE1CD8FED6001FF1DA</key>
		<dict>
			<key>fileRef</key>
			<string>A218CDD31CD8FED6001FF1DA</string>
			<key>isa</key>
			<string>PBXBuildFile</string>
		</dict>
		<key>A218CDDF1CD8FED6001FF1DA</key>
		<dict>
			<key>containerPortal</key>
			<string>A218CDCA1CD8FED6001FF1DA</string>
			<key>isa</key>
			<string>PBXContainerItemProxy</string>
			<key>proxyType</key>
			<string>1</string>
			<key>remoteGlobalIDString</key>
			<string>A218CDD21CD8FED6001FF1DA</string>
			<key>remoteInfo</key>
			<string>Reflection</string>
		</dict>
		<key>A218CDE01CD8FED6001FF1DA</key>
		<dict>
			<key>isa</key>
			<string>PBXTargetDependency</string>
			<key>target</key>
			<string>A218CDD21CD8FED6001FF1DA</string>
			<key>targetProxy</key>
			<string>A218CDDF1CD8FED6001FF1DA</string>
		</dict>
		<key>A218CDE11CD8FED6001FF1DA</key>
		<dict>
			<key>children</key>
			<array>
				<string>A218CDE41CD8FED6001FF1DA</string>
				<string>A218661A1CD9063200103A8B</string>
				<string>A218CE051CD90087001FF1DA</string>
			</array>
			<key>isa</key>
			<string>PBXGroup</string>
			<key>path</key>
			<string>Tests</string>
			<key>sourceTree</key>
			<string>&lt;group&gt;</string>
		</dict>
		<key>A218CDE41CD8FED6001FF1DA</key>
		<dict>
			<key>isa</key>
			<string>PBXFileReference</string>
			<key>lastKnownFileType</key>
			<string>text.plist.xml</string>
			<key>path</key>
			<string>Info.plist</string>
			<key>sourceTree</key>
			<string>&lt;group&gt;</string>
		</dict>
		<key>A218CDE51CD8FED6001FF1DA</key>
		<dict>
			<key>buildSettings</key>
			<dict>
				<key>ALWAYS_SEARCH_USER_PATHS</key>
				<string>NO</string>
				<key>CLANG_ANALYZER_NONNULL</key>
				<string>YES</string>
				<key>CLANG_CXX_LANGUAGE_STANDARD</key>
				<string>gnu++0x</string>
				<key>CLANG_CXX_LIBRARY</key>
				<string>libc++</string>
				<key>CLANG_ENABLE_MODULES</key>
				<string>YES</string>
				<key>CLANG_ENABLE_OBJC_ARC</key>
				<string>YES</string>
				<key>CLANG_WARN_BOOL_CONVERSION</key>
				<string>YES</string>
				<key>CLANG_WARN_CONSTANT_CONVERSION</key>
				<string>YES</string>
				<key>CLANG_WARN_DIRECT_OBJC_ISA_USAGE</key>
				<string>YES_ERROR</string>
				<key>CLANG_WARN_EMPTY_BODY</key>
				<string>YES</string>
				<key>CLANG_WARN_ENUM_CONVERSION</key>
				<string>YES</string>
				<key>CLANG_WARN_INT_CONVERSION</key>
				<string>YES</string>
				<key>CLANG_WARN_OBJC_ROOT_CLASS</key>
				<string>YES_ERROR</string>
				<key>CLANG_WARN_UNREACHABLE_CODE</key>
				<string>YES</string>
				<key>CLANG_WARN__DUPLICATE_METHOD_MATCH</key>
				<string>YES</string>
				<key>CODE_SIGN_IDENTITY[sdk=iphoneos*]</key>
				<string>iPhone Developer</string>
				<key>COPY_PHASE_STRIP</key>
				<string>NO</string>
				<key>CURRENT_PROJECT_VERSION</key>
				<string>1</string>
				<key>DEBUG_INFORMATION_FORMAT</key>
				<string>dwarf</string>
				<key>ENABLE_STRICT_OBJC_MSGSEND</key>
				<string>YES</string>
				<key>ENABLE_TESTABILITY</key>
				<string>YES</string>
				<key>GCC_C_LANGUAGE_STANDARD</key>
				<string>gnu99</string>
				<key>GCC_DYNAMIC_NO_PIC</key>
				<string>NO</string>
				<key>GCC_NO_COMMON_BLOCKS</key>
				<string>YES</string>
				<key>GCC_OPTIMIZATION_LEVEL</key>
				<string>0</string>
				<key>GCC_PREPROCESSOR_DEFINITIONS</key>
				<array>
					<string>DEBUG=1</string>
					<string>$(inherited)</string>
				</array>
				<key>GCC_WARN_64_TO_32_BIT_CONVERSION</key>
				<string>YES</string>
				<key>GCC_WARN_ABOUT_RETURN_TYPE</key>
				<string>YES_ERROR</string>
				<key>GCC_WARN_UNDECLARED_SELECTOR</key>
				<string>YES</string>
				<key>GCC_WARN_UNINITIALIZED_AUTOS</key>
				<string>YES_AGGRESSIVE</string>
				<key>GCC_WARN_UNUSED_FUNCTION</key>
				<string>YES</string>
				<key>GCC_WARN_UNUSED_VARIABLE</key>
				<string>YES</string>
				<key>IPHONEOS_DEPLOYMENT_TARGET</key>
				<string>9.3</string>
				<key>MTL_ENABLE_DEBUG_INFO</key>
				<string>YES</string>
				<key>ONLY_ACTIVE_ARCH</key>
				<string>YES</string>
				<key>SDKROOT</key>
				<string>iphoneos</string>
				<key>SWIFT_OPTIMIZATION_LEVEL</key>
				<string>-Onone</string>
				<key>TARGETED_DEVICE_FAMILY</key>
				<string>1,2</string>
				<key>VERSIONING_SYSTEM</key>
				<string>apple-generic</string>
				<key>VERSION_INFO_PREFIX</key>
				<string></string>
			</dict>
			<key>isa</key>
			<string>XCBuildConfiguration</string>
			<key>name</key>
			<string>Debug</string>
		</dict>
		<key>A218CDE61CD8FED6001FF1DA</key>
		<dict>
			<key>buildSettings</key>
			<dict>
				<key>ALWAYS_SEARCH_USER_PATHS</key>
				<string>NO</string>
				<key>CLANG_ANALYZER_NONNULL</key>
				<string>YES</string>
				<key>CLANG_CXX_LANGUAGE_STANDARD</key>
				<string>gnu++0x</string>
				<key>CLANG_CXX_LIBRARY</key>
				<string>libc++</string>
				<key>CLANG_ENABLE_MODULES</key>
				<string>YES</string>
				<key>CLANG_ENABLE_OBJC_ARC</key>
				<string>YES</string>
				<key>CLANG_WARN_BOOL_CONVERSION</key>
				<string>YES</string>
				<key>CLANG_WARN_CONSTANT_CONVERSION</key>
				<string>YES</string>
				<key>CLANG_WARN_DIRECT_OBJC_ISA_USAGE</key>
				<string>YES_ERROR</string>
				<key>CLANG_WARN_EMPTY_BODY</key>
				<string>YES</string>
				<key>CLANG_WARN_ENUM_CONVERSION</key>
				<string>YES</string>
				<key>CLANG_WARN_INT_CONVERSION</key>
				<string>YES</string>
				<key>CLANG_WARN_OBJC_ROOT_CLASS</key>
				<string>YES_ERROR</string>
				<key>CLANG_WARN_UNREACHABLE_CODE</key>
				<string>YES</string>
				<key>CLANG_WARN__DUPLICATE_METHOD_MATCH</key>
				<string>YES</string>
				<key>CODE_SIGN_IDENTITY[sdk=iphoneos*]</key>
				<string>iPhone Developer</string>
				<key>COPY_PHASE_STRIP</key>
				<string>NO</string>
				<key>CURRENT_PROJECT_VERSION</key>
				<string>1</string>
				<key>DEBUG_INFORMATION_FORMAT</key>
				<string>dwarf-with-dsym</string>
				<key>ENABLE_NS_ASSERTIONS</key>
				<string>NO</string>
				<key>ENABLE_STRICT_OBJC_MSGSEND</key>
				<string>YES</string>
				<key>GCC_C_LANGUAGE_STANDARD</key>
				<string>gnu99</string>
				<key>GCC_NO_COMMON_BLOCKS</key>
				<string>YES</string>
				<key>GCC_WARN_64_TO_32_BIT_CONVERSION</key>
				<string>YES</string>
				<key>GCC_WARN_ABOUT_RETURN_TYPE</key>
				<string>YES_ERROR</string>
				<key>GCC_WARN_UNDECLARED_SELECTOR</key>
				<string>YES</string>
				<key>GCC_WARN_UNINITIALIZED_AUTOS</key>
				<string>YES_AGGRESSIVE</string>
				<key>GCC_WARN_UNUSED_FUNCTION</key>
				<string>YES</string>
				<key>GCC_WARN_UNUSED_VARIABLE</key>
				<string>YES</string>
				<key>IPHONEOS_DEPLOYMENT_TARGET</key>
				<string>9.3</string>
				<key>MTL_ENABLE_DEBUG_INFO</key>
				<string>NO</string>
				<key>SDKROOT</key>
				<string>iphoneos</string>
				<key>TARGETED_DEVICE_FAMILY</key>
				<string>1,2</string>
				<key>VALIDATE_PRODUCT</key>
				<string>YES</string>
				<key>VERSIONING_SYSTEM</key>
				<string>apple-generic</string>
				<key>VERSION_INFO_PREFIX</key>
				<string></string>
			</dict>
			<key>isa</key>
			<string>XCBuildConfiguration</string>
			<key>name</key>
			<string>Release</string>
		</dict>
		<key>A218CDE71CD8FED6001FF1DA</key>
		<dict>
			<key>buildConfigurations</key>
			<array>
				<string>A218CDE81CD8FED6001FF1DA</string>
				<string>A218CDE91CD8FED6001FF1DA</string>
			</array>
			<key>defaultConfigurationIsVisible</key>
			<string>0</string>
			<key>defaultConfigurationName</key>
			<string>Release</string>
			<key>isa</key>
			<string>XCConfigurationList</string>
		</dict>
		<key>A218CDE81CD8FED6001FF1DA</key>
		<dict>
			<key>buildSettings</key>
			<dict>
				<key>CLANG_ENABLE_MODULES</key>
				<string>YES</string>
				<key>CLANG_ENABLE_MODULE_DEBUGGING</key>
				<string>YES</string>
				<key>DEFINES_MODULE</key>
				<string>YES</string>
				<key>DYLIB_COMPATIBILITY_VERSION</key>
				<string>1</string>
				<key>DYLIB_CURRENT_VERSION</key>
				<string>1</string>
				<key>DYLIB_INSTALL_NAME_BASE</key>
				<string>@rpath</string>
				<key>INFOPLIST_FILE</key>
				<string>Sources/Info.plist</string>
				<key>INSTALL_PATH</key>
				<string>$(LOCAL_LIBRARY_DIR)/Frameworks</string>
				<key>LD_RUNPATH_SEARCH_PATHS</key>
				<string>$(inherited) @executable_path/Frameworks @loader_path/Frameworks</string>
				<key>PRODUCT_BUNDLE_IDENTIFIER</key>
				<string>com.zewo.Reflection</string>
				<key>PRODUCT_NAME</key>
				<string>$(TARGET_NAME)</string>
				<key>SKIP_INSTALL</key>
				<string>YES</string>
				<key>SWIFT_OPTIMIZATION_LEVEL</key>
				<string>-Onone</string>
			</dict>
			<key>isa</key>
			<string>XCBuildConfiguration</string>
			<key>name</key>
			<string>Debug</string>
		</dict>
		<key>A218CDE91CD8FED6001FF1DA</key>
		<dict>
			<key>buildSettings</key>
			<dict>
				<key>CLANG_ENABLE_MODULES</key>
				<string>YES</string>
				<key>CLANG_ENABLE_MODULE_DEBUGGING</key>
				<string>YES</string>
				<key>DEFINES_MODULE</key>
				<string>YES</string>
				<key>DYLIB_COMPATIBILITY_VERSION</key>
				<string>1</string>
				<key>DYLIB_CURRENT_VERSION</key>
				<string>1</string>
				<key>DYLIB_INSTALL_NAME_BASE</key>
				<string>@rpath</string>
				<key>INFOPLIST_FILE</key>
				<string>Sources/Info.plist</string>
				<key>INSTALL_PATH</key>
				<string>$(LOCAL_LIBRARY_DIR)/Frameworks</string>
				<key>LD_RUNPATH_SEARCH_PATHS</key>
				<string>$(inherited) @executable_path/Frameworks @loader_path/Frameworks</string>
				<key>PRODUCT_BUNDLE_IDENTIFIER</key>
				<string>com.zewo.Reflection</string>
				<key>PRODUCT_NAME</key>
				<string>$(TARGET_NAME)</string>
				<key>SKIP_INSTALL</key>
				<string>YES</string>
			</dict>
			<key>isa</key>
			<string>XCBuildConfiguration</string>
			<key>name</key>
			<string>Release</string>
		</dict>
		<key>A218CDEA1CD8FED6001FF1DA</key>
		<dict>
			<key>buildConfigurations</key>
			<array>
				<string>A218CDEB1CD8FED6001FF1DA</string>
				<string>A218CDEC1CD8FED6001FF1DA</string>
			</array>
			<key>defaultConfigurationIsVisible</key>
			<string>0</string>
			<key>defaultConfigurationName</key>
			<string>Release</string>
			<key>isa</key>
			<string>XCConfigurationList</string>
		</dict>
		<key>A218CDEB1CD8FED6001FF1DA</key>
		<dict>
			<key>buildSettings</key>
			<dict>
				<key>CLANG_ENABLE_MODULES</key>
				<string>YES</string>
				<key>INFOPLIST_FILE</key>
				<string>Tests/Info.plist</string>
				<key>LD_RUNPATH_SEARCH_PATHS</key>
				<string>$(inherited) @executable_path/Frameworks @loader_path/Frameworks</string>
				<key>PRODUCT_BUNDLE_IDENTIFIER</key>
				<string>com.zewo.ReflectionTests</string>
				<key>PRODUCT_NAME</key>
				<string>$(TARGET_NAME)</string>
				<key>SWIFT_OPTIMIZATION_LEVEL</key>
				<string>-Onone</string>
			</dict>
			<key>isa</key>
			<string>XCBuildConfiguration</string>
			<key>name</key>
			<string>Debug</string>
		</dict>
		<key>A218CDEC1CD8FED6001FF1DA</key>
		<dict>
			<key>buildSettings</key>
			<dict>
				<key>CLANG_ENABLE_MODULES</key>
				<string>YES</string>
				<key>INFOPLIST_FILE</key>
				<string>Tests/Info.plist</string>
				<key>LD_RUNPATH_SEARCH_PATHS</key>
				<string>$(inherited) @executable_path/Frameworks @loader_path/Frameworks</string>
				<key>PRODUCT_BUNDLE_IDENTIFIER</key>
				<string>com.zewo.ReflectionTests</string>
				<key>PRODUCT_NAME</key>
				<string>$(TARGET_NAME)</string>
			</dict>
			<key>isa</key>
			<string>XCBuildConfiguration</string>
			<key>name</key>
			<string>Release</string>
		</dict>
		<key>A218CDED1CD8FF45001FF1DA</key>
		<dict>
			<key>fileEncoding</key>
			<string>4</string>
			<key>isa</key>
			<string>PBXFileReference</string>
			<key>lastKnownFileType</key>
			<string>sourcecode.swift</string>
			<key>path</key>
			<string>Package.swift</string>
			<key>sourceTree</key>
			<string>&lt;group&gt;</string>
		</dict>
		<key>A218CDEE1CD8FF45001FF1DA</key>
		<dict>
			<key>fileRef</key>
			<string>A218CDED1CD8FF45001FF1DA</string>
			<key>isa</key>
			<string>PBXBuildFile</string>
		</dict>
		<key>A218CDEF1CD8FFDD001FF1DA</key>
		<dict>
			<key>fileEncoding</key>
			<string>4</string>
			<key>isa</key>
			<string>PBXFileReference</string>
			<key>lastKnownFileType</key>
			<string>sourcecode.swift</string>
			<key>path</key>
			<string>Error.swift</string>
			<key>sourceTree</key>
			<string>&lt;group&gt;</string>
		</dict>
		<key>A218CDF11CD8FFDD001FF1DA</key>
		<dict>
			<key>fileEncoding</key>
			<string>4</string>
			<key>isa</key>
			<string>PBXFileReference</string>
			<key>lastKnownFileType</key>
			<string>sourcecode.swift</string>
			<key>path</key>
			<string>Metadata.swift</string>
			<key>sourceTree</key>
			<string>&lt;group&gt;</string>
		</dict>
		<key>A218CDF21CD8FFDD001FF1DA</key>
		<dict>
			<key>fileEncoding</key>
			<string>4</string>
			<key>isa</key>
			<string>PBXFileReference</string>
			<key>lastKnownFileType</key>
			<string>sourcecode.swift</string>
			<key>path</key>
			<string>Properties.swift</string>
			<key>sourceTree</key>
			<string>&lt;group&gt;</string>
		</dict>
		<key>A218CDF31CD8FFDD001FF1DA</key>
		<dict>
			<key>fileEncoding</key>
			<string>4</string>
			<key>isa</key>
			<string>PBXFileReference</string>
			<key>lastKnownFileType</key>
			<string>sourcecode.swift</string>
			<key>path</key>
			<string>Storage.swift</string>
			<key>sourceTree</key>
			<string>&lt;group&gt;</string>
		</dict>
		<key>A218CDF41CD8FFDD001FF1DA</key>
		<dict>
			<key>fileRef</key>
			<string>A218CDEF1CD8FFDD001FF1DA</string>
			<key>isa</key>
			<string>PBXBuildFile</string>
		</dict>
		<key>A218CDF61CD8FFDD001FF1DA</key>
		<dict>
			<key>fileRef</key>
			<string>A218CDF11CD8FFDD001FF1DA</string>
			<key>isa</key>
			<string>PBXBuildFile</string>
		</dict>
		<key>A218CDF71CD8FFDD001FF1DA</key>
		<dict>
			<key>fileRef</key>
			<string>A218CDF21CD8FFDD001FF1DA</string>
			<key>isa</key>
			<string>PBXBuildFile</string>
		</dict>
		<key>A218CDF81CD8FFDD001FF1DA</key>
		<dict>
			<key>fileRef</key>
			<string>A218CDF31CD8FFDD001FF1DA</string>
			<key>isa</key>
			<string>PBXBuildFile</string>
		</dict>
		<key>A218CDF91CD8FFE9001FF1DA</key>
		<dict>
			<key>fileEncoding</key>
			<string>4</string>
			<key>isa</key>
			<string>PBXFileReference</string>
			<key>lastKnownFileType</key>
			<string>sourcecode.swift</string>
			<key>path</key>
			<string>Buffer.swift</string>
			<key>sourceTree</key>
			<string>&lt;group&gt;</string>
		</dict>
		<key>A218CDFA1CD8FFE9001FF1DA</key>
		<dict>
			<key>fileEncoding</key>
			<string>4</string>
			<key>isa</key>
			<string>PBXFileReference</string>
			<key>lastKnownFileType</key>
			<string>sourcecode.swift</string>
			<key>path</key>
			<string>Construct.swift</string>
			<key>sourceTree</key>
			<string>&lt;group&gt;</string>
		</dict>
		<key>A218CDFB1CD8FFE9001FF1DA</key>
		<dict>
			<key>fileEncoding</key>
			<string>4</string>
			<key>isa</key>
			<string>PBXFileReference</string>
			<key>lastKnownFileType</key>
			<string>sourcecode.swift</string>
			<key>path</key>
			<string>Get.swift</string>
			<key>sourceTree</key>
			<string>&lt;group&gt;</string>
		</dict>
		<key>A218CDFD1CD8FFE9001FF1DA</key>
		<dict>
			<key>fileEncoding</key>
			<string>4</string>
			<key>isa</key>
			<string>PBXFileReference</string>
			<key>lastKnownFileType</key>
			<string>sourcecode.swift</string>
			<key>path</key>
			<string>Set.swift</string>
			<key>sourceTree</key>
			<string>&lt;group&gt;</string>
		</dict>
		<key>A218CDFE1CD8FFE9001FF1DA</key>
		<dict>
			<key>fileRef</key>
			<string>A218CDF91CD8FFE9001FF1DA</string>
			<key>isa</key>
			<string>PBXBuildFile</string>
		</dict>
		<key>A218CDFF1CD8FFE9001FF1DA</key>
		<dict>
			<key>fileRef</key>
			<string>A218CDFA1CD8FFE9001FF1DA</string>
			<key>isa</key>
			<string>PBXBuildFile</string>
		</dict>
		<key>A218CE001CD8FFE9001FF1DA</key>
		<dict>
			<key>fileRef</key>
			<string>A218CDFB1CD8FFE9001FF1DA</string>
			<key>isa</key>
			<string>PBXBuildFile</string>
		</dict>
		<key>A218CE021CD8FFE9001FF1DA</key>
		<dict>
			<key>fileRef</key>
			<string>A218CDFD1CD8FFE9001FF1DA</string>
			<key>isa</key>
			<string>PBXBuildFile</string>
		</dict>
		<key>A218CE051CD90087001FF1DA</key>
		<dict>
			<key>fileEncoding</key>
			<string>4</string>
			<key>isa</key>
			<string>PBXFileReference</string>
			<key>lastKnownFileType</key>
			<string>sourcecode.swift</string>
			<key>path</key>
			<string>PublicTests.swift</string>
			<key>sourceTree</key>
			<string>&lt;group&gt;</string>
		</dict>
		<key>A218CE061CD90087001FF1DA</key>
		<dict>
			<key>fileRef</key>
			<string>A218CE051CD90087001FF1DA</string>
			<key>isa</key>
			<string>PBXBuildFile</string>
		</dict>
		<key>A26B54471CD9BC0C004EA637</key>
		<dict>
			<key>fileEncoding</key>
			<string>4</string>
			<key>isa</key>
			<string>PBXFileReference</string>
			<key>lastKnownFileType</key>
			<string>sourcecode.swift</string>
			<key>path</key>
			<string>RelativePointer.swift</string>
			<key>sourceTree</key>
			<string>&lt;group&gt;</string>
		</dict>
		<key>A26B54481CD9BC0C004EA637</key>
		<dict>
			<key>fileRef</key>
			<string>A26B54471CD9BC0C004EA637</string>
			<key>isa</key>
			<string>PBXBuildFile</string>
		</dict>
		<key>A26B54491CD9BF67004EA637</key>
		<dict>
			<key>fileEncoding</key>
			<string>4</string>
			<key>isa</key>
			<string>PBXFileReference</string>
			<key>lastKnownFileType</key>
			<string>sourcecode.swift</string>
			<key>path</key>
			<string>NominalTypeDescriptor.swift</string>
			<key>sourceTree</key>
			<string>&lt;group&gt;</string>
		</dict>
		<key>A26B544A1CD9BF67004EA637</key>
		<dict>
			<key>fileRef</key>
			<string>A26B54491CD9BF67004EA637</string>
			<key>isa</key>
			<string>PBXBuildFile</string>
		</dict>
		<key>A26B544B1CDA2AB7004EA637</key>
		<dict>
			<key>fileEncoding</key>
			<string>4</string>
			<key>isa</key>
			<string>PBXFileReference</string>
			<key>lastKnownFileType</key>
			<string>sourcecode.swift</string>
			<key>path</key>
			<string>AnyExistentialContainer.swift</string>
			<key>sourceTree</key>
			<string>&lt;group&gt;</string>
		</dict>
		<key>A26B544C1CDA2AB7004EA637</key>
		<dict>
			<key>fileRef</key>
			<string>A26B544B1CDA2AB7004EA637</string>
			<key>isa</key>
			<string>PBXBuildFile</string>
		</dict>
		<key>A26B544D1CDA3140004EA637</key>
		<dict>
			<key>fileEncoding</key>
			<string>4</string>
			<key>isa</key>
			<string>PBXFileReference</string>
			<key>lastKnownFileType</key>
			<string>sourcecode.swift</string>
			<key>path</key>
			<string>Identity.swift</string>
			<key>sourceTree</key>
			<string>&lt;group&gt;</string>
		</dict>
		<key>A26B544E1CDA3140004EA637</key>
		<dict>
			<key>fileRef</key>
			<string>A26B544D1CDA3140004EA637</string>
			<key>isa</key>
			<string>PBXBuildFile</string>
		</dict>
		<key>A26B54501CDA4362004EA637</key>
		<dict>
			<key>fileEncoding</key>
			<string>4</string>
			<key>isa</key>
			<string>PBXFileReference</string>
			<key>lastKnownFileType</key>
			<string>sourcecode.swift</string>
			<key>path</key>
			<string>Metadata+Struct.swift</string>
			<key>sourceTree</key>
			<string>&lt;group&gt;</string>
		</dict>
		<key>A26B54511CDA4362004EA637</key>
		<dict>
			<key>fileRef</key>
			<string>A26B54501CDA4362004EA637</string>
			<key>isa</key>
			<string>PBXBuildFile</string>
		</dict>
		<key>A26B54521CDA439A004EA637</key>
		<dict>
			<key>fileEncoding</key>
			<string>4</string>
			<key>isa</key>
			<string>PBXFileReference</string>
			<key>lastKnownFileType</key>
			<string>sourcecode.swift</string>
			<key>path</key>
			<string>Metadata+Kind.swift</string>
			<key>sourceTree</key>
			<string>&lt;group&gt;</string>
		</dict>
		<key>A26B54531CDA439A004EA637</key>
		<dict>
			<key>fileRef</key>
			<string>A26B54521CDA439A004EA637</string>
			<key>isa</key>
			<string>PBXBuildFile</string>
		</dict>
		<key>A26B54541CDA4516004EA637</key>
		<dict>
			<key>fileEncoding</key>
			<string>4</string>
			<key>isa</key>
			<string>PBXFileReference</string>
			<key>lastKnownFileType</key>
			<string>sourcecode.swift</string>
			<key>path</key>
			<string>PointerType.swift</string>
			<key>sourceTree</key>
			<string>&lt;group&gt;</string>
		</dict>
		<key>A26B54551CDA4516004EA637</key>
		<dict>
			<key>fileRef</key>
			<string>A26B54541CDA4516004EA637</string>
			<key>isa</key>
			<string>PBXBuildFile</string>
		</dict>
		<key>A26B54561CDA4534004EA637</key>
		<dict>
			<key>fileEncoding</key>
			<string>4</string>
			<key>isa</key>
			<string>PBXFileReference</string>
			<key>lastKnownFileType</key>
			<string>sourcecode.swift</string>
			<key>path</key>
			<string>MetadataType.swift</string>
			<key>sourceTree</key>
			<string>&lt;group&gt;</string>
		</dict>
		<key>A26B54571CDA4534004EA637</key>
		<dict>
			<key>fileRef</key>
			<string>A26B54561CDA4534004EA637</string>
			<key>isa</key>
			<string>PBXBuildFile</string>
		</dict>
		<key>A26B54581CDA4599004EA637</key>
		<dict>
			<key>fileEncoding</key>
			<string>4</string>
			<key>isa</key>
			<string>PBXFileReference</string>
			<key>lastKnownFileType</key>
			<string>sourcecode.swift</string>
			<key>path</key>
			<string>ValueWitnessTable.swift</string>
			<key>sourceTree</key>
			<string>&lt;group&gt;</string>
		</dict>
		<key>A26B54591CDA4599004EA637</key>
		<dict>
			<key>fileRef</key>
			<string>A26B54581CDA4599004EA637</string>
			<key>isa</key>
			<string>PBXBuildFile</string>
		</dict>
		<key>A26B545A1CDA4EE4004EA637</key>
		<dict>
			<key>fileEncoding</key>
			<string>4</string>
			<key>isa</key>
			<string>PBXFileReference</string>
			<key>lastKnownFileType</key>
			<string>sourcecode.swift</string>
			<key>path</key>
			<string>NominalType.swift</string>
			<key>sourceTree</key>
			<string>&lt;group&gt;</string>
		</dict>
		<key>A26B545B1CDA4EE4004EA637</key>
		<dict>
			<key>fileRef</key>
			<string>A26B545A1CDA4EE4004EA637</string>
			<key>isa</key>
			<string>PBXBuildFile</string>
		</dict>
		<key>A26B545C1CDA5053004EA637</key>
		<dict>
			<key>fileEncoding</key>
			<string>4</string>
			<key>isa</key>
			<string>PBXFileReference</string>
			<key>lastKnownFileType</key>
			<string>sourcecode.swift</string>
			<key>path</key>
			<string>Metadata+Class.swift</string>
			<key>sourceTree</key>
			<string>&lt;group&gt;</string>
		</dict>
		<key>A26B545D1CDA5053004EA637</key>
		<dict>
			<key>fileRef</key>
			<string>A26B545C1CDA5053004EA637</string>
			<key>isa</key>
			<string>PBXBuildFile</string>
		</dict>
		<key>A26B545E1CDA85A3004EA637</key>
		<dict>
			<key>fileEncoding</key>
			<string>4</string>
			<key>isa</key>
			<string>PBXFileReference</string>
			<key>lastKnownFileType</key>
			<string>sourcecode.swift</string>
			<key>path</key>
			<string>Advance.swift</string>
			<key>sourceTree</key>
			<string>&lt;group&gt;</string>
		</dict>
		<key>A26B545F1CDA85A3004EA637</key>
		<dict>
			<key>fileRef</key>
			<string>A26B545E1CDA85A3004EA637</string>
			<key>isa</key>
			<string>PBXBuildFile</string>
		</dict>
	</dict>
	<key>rootObject</key>
	<string>A218CDCA1CD8FED6001FF1DA</string>
</dict>
</plist>
